
Microsoft Visual Studio Solution File, Format Version 12.00
# Visual Studio Version 17
VisualStudioVersion = 17.14.36414.22 d17.14
MinimumVisualStudioVersion = 10.0.40219.1
Project("{FAE04EC0-301F-11D3-BF4B-00C04F79EFBC}") = "Api.Abstractions", "Api.Abstractions.csproj", "{98412B5F-BB2B-1EF0-C521-37F72C49BD43}"
EndProject
Global
	GlobalSection(SolutionConfigurationPlatforms) = preSolution
		Debug|Any CPU = Debug|Any CPU
		Release|Any CPU = Release|Any CPU
	EndGlobalSection
	GlobalSection(ProjectConfigurationPlatforms) = postSolution
		{98412B5F-BB2B-1EF0-C521-37F72C49BD43}.Debug|Any CPU.ActiveCfg = Debug|Any CPU
		{98412B5F-BB2B-1EF0-C521-37F72C49BD43}.Debug|Any CPU.Build.0 = Debug|Any CPU
		{98412B5F-BB2B-1EF0-C521-37F72C49BD43}.Release|Any CPU.ActiveCfg = Release|Any CPU
		{98412B5F-BB2B-1EF0-C521-37F72C49BD43}.Release|Any CPU.Build.0 = Release|Any CPU
	EndGlobalSection
	GlobalSection(SolutionProperties) = preSolution
		HideSolutionNode = FALSE
	EndGlobalSection
	GlobalSection(ExtensibilityGlobals) = postSolution
		SolutionGuid = {4690E659-CE4D-4924-8752-2CE1DFF27C99}
	EndGlobalSection
EndGlobal
